
Microsoft Visual Studio Solution File, Format Version 12.00
Project("{FAE04EC0-301F-11D3-BF4B-00C04F79EFBC}") = "RaspberryPiController", "RaspberryPiController\RaspberryPiController.csproj", "{76E7E8FB-37C2-4006-A85D-CFF4E337FCD7}"
EndProject
Project("{FAE04EC0-301F-11D3-BF4B-00C04F79EFBC}") = "ExampleApp", "ExampleApp\ExampleApp.csproj", "{D61F6133-F9CD-4B9F-B0AE-80BC1495A5EE}"
EndProject
Global
	GlobalSection(SolutionConfigurationPlatforms) = preSolution
		Debug|Any CPU = Debug|Any CPU
		Release|Any CPU = Release|Any CPU
	EndGlobalSection
	GlobalSection(ProjectConfigurationPlatforms) = postSolution
		{76E7E8FB-37C2-4006-A85D-CFF4E337FCD7}.Debug|Any CPU.ActiveCfg = Debug|Any CPU
		{76E7E8FB-37C2-4006-A85D-CFF4E337FCD7}.Debug|Any CPU.Build.0 = Debug|Any CPU
		{76E7E8FB-37C2-4006-A85D-CFF4E337FCD7}.Release|Any CPU.ActiveCfg = Release|Any CPU
		{76E7E8FB-37C2-4006-A85D-CFF4E337FCD7}.Release|Any CPU.Build.0 = Release|Any CPU
		{D61F6133-F9CD-4B9F-B0AE-80BC1495A5EE}.Debug|Any CPU.ActiveCfg = Debug|Any CPU
		{D61F6133-F9CD-4B9F-B0AE-80BC1495A5EE}.Debug|Any CPU.Build.0 = Debug|Any CPU
		{D61F6133-F9CD-4B9F-B0AE-80BC1495A5EE}.Release|Any CPU.ActiveCfg = Release|Any CPU
		{D61F6133-F9CD-4B9F-B0AE-80BC1495A5EE}.Release|Any CPU.Build.0 = Release|Any CPU
	EndGlobalSection
EndGlobal
